
Microsoft Visual Studio Solution File, Format Version 12.00
Project("{FAE04EC0-301F-11D3-BF4B-00C04F79EFBC}") = "HotelBookingSystem.API", "HotelBookingSystem.API\HotelBookingSystem.API.csproj", "{ED5447B0-0E9B-4482-9D40-A29CED044C39}"
EndProject
Project("{2150E333-8FDC-42A3-9474-1A3956D46DE8}") = "Src", "Src", "{B60DD691-1DF9-406F-BB9E-22660007E690}"
EndProject
Project("{FAE04EC0-301F-11D3-BF4B-00C04F79EFBC}") = "HotelBookingSystem.Application", "HotelBookingSystem.Application\HotelBookingSystem.Application.csproj", "{739FAC7C-1D4A-4058-8005-7FDCDFD70FCF}"
EndProject
Project("{FAE04EC0-301F-11D3-BF4B-00C04F79EFBC}") = "HotelBookingSystem.Domain", "HotelBookingSystem.Domain\HotelBookingSystem.Domain.csproj", "{08185AAA-CEE2-4FED-B2BF-7FAA39E7942B}"
EndProject
Project("{FAE04EC0-301F-11D3-BF4B-00C04F79EFBC}") = "HotelBookingSystem.Infrastructure", "HotelBookingSystem.Infrastructure\HotelBookingSystem.Infrastructure.csproj", "{19AFDE32-354E-4FFF-94EA-B5CCB6408CF2}"
EndProject
Project("{FAE04EC0-301F-11D3-BF4B-00C04F79EFBC}") = "HotelBookingSystem.Tests", "HotelBookingSystem.Tests\HotelBookingSystem.Tests.csproj", "{CFC1ADB8-F2D6-4C87-8686-C739F1CFA5E9}"
EndProject
Global
	GlobalSection(SolutionConfigurationPlatforms) = preSolution
		Debug|Any CPU = Debug|Any CPU
		Release|Any CPU = Release|Any CPU
	EndGlobalSection
	GlobalSection(ProjectConfigurationPlatforms) = postSolution
		{ED5447B0-0E9B-4482-9D40-A29CED044C39}.Debug|Any CPU.ActiveCfg = Debug|Any CPU
		{ED5447B0-0E9B-4482-9D40-A29CED044C39}.Debug|Any CPU.Build.0 = Debug|Any CPU
		{ED5447B0-0E9B-4482-9D40-A29CED044C39}.Release|Any CPU.ActiveCfg = Release|Any CPU
		{ED5447B0-0E9B-4482-9D40-A29CED044C39}.Release|Any CPU.Build.0 = Release|Any CPU
		{739FAC7C-1D4A-4058-8005-7FDCDFD70FCF}.Debug|Any CPU.ActiveCfg = Debug|Any CPU
		{739FAC7C-1D4A-4058-8005-7FDCDFD70FCF}.Debug|Any CPU.Build.0 = Debug|Any CPU
		{739FAC7C-1D4A-4058-8005-7FDCDFD70FCF}.Release|Any CPU.ActiveCfg = Release|Any CPU
		{739FAC7C-1D4A-4058-8005-7FDCDFD70FCF}.Release|Any CPU.Build.0 = Release|Any CPU
		{08185AAA-CEE2-4FED-B2BF-7FAA39E7942B}.Debug|Any CPU.ActiveCfg = Debug|Any CPU
		{08185AAA-CEE2-4FED-B2BF-7FAA39E7942B}.Debug|Any CPU.Build.0 = Debug|Any CPU
		{08185AAA-CEE2-4FED-B2BF-7FAA39E7942B}.Release|Any CPU.ActiveCfg = Release|Any CPU
		{08185AAA-CEE2-4FED-B2BF-7FAA39E7942B}.Release|Any CPU.Build.0 = Release|Any CPU
		{19AFDE32-354E-4FFF-94EA-B5CCB6408CF2}.Debug|Any CPU.ActiveCfg = Debug|Any CPU
		{19AFDE32-354E-4FFF-94EA-B5CCB6408CF2}.Debug|Any CPU.Build.0 = Debug|Any CPU
		{19AFDE32-354E-4FFF-94EA-B5CCB6408CF2}.Release|Any CPU.ActiveCfg = Release|Any CPU
		{19AFDE32-354E-4FFF-94EA-B5CCB6408CF2}.Release|Any CPU.Build.0 = Release|Any CPU
		{CFC1ADB8-F2D6-4C87-8686-C739F1CFA5E9}.Debug|Any CPU.ActiveCfg = Debug|Any CPU
		{CFC1ADB8-F2D6-4C87-8686-C739F1CFA5E9}.Debug|Any CPU.Build.0 = Debug|Any CPU
		{CFC1ADB8-F2D6-4C87-8686-C739F1CFA5E9}.Release|Any CPU.ActiveCfg = Release|Any CPU
		{CFC1ADB8-F2D6-4C87-8686-C739F1CFA5E9}.Release|Any CPU.Build.0 = Release|Any CPU
	EndGlobalSection
	GlobalSection(NestedProjects) = preSolution
		{ED5447B0-0E9B-4482-9D40-A29CED044C39} = {B60DD691-1DF9-406F-BB9E-22660007E690}
		{739FAC7C-1D4A-4058-8005-7FDCDFD70FCF} = {B60DD691-1DF9-406F-BB9E-22660007E690}
		{08185AAA-CEE2-4FED-B2BF-7FAA39E7942B} = {B60DD691-1DF9-406F-BB9E-22660007E690}
		{19AFDE32-354E-4FFF-94EA-B5CCB6408CF2} = {B60DD691-1DF9-406F-BB9E-22660007E690}
	EndGlobalSection
EndGlobal
